
Microsoft Visual Studio Solution File, Format Version 12.00
# Visual Studio Version 17
VisualStudioVersion = 17.0.31512.422
MinimumVisualStudioVersion = 10.0.40219.1
Project("{FAE04EC0-301F-11D3-BF4B-00C04F79EFBC}") = "SmartSoft.common", "SmartSoft.common\SmartSoft.common.csproj", "{87F09D4E-C31E-4E6B-81CC-74536ABEAC3D}"
EndProject
Global
	GlobalSection(SolutionConfigurationPlatforms) = preSolution
		Debug|Any CPU = Debug|Any CPU
		Release|Any CPU = Release|Any CPU
	EndGlobalSection
	GlobalSection(ProjectConfigurationPlatforms) = postSolution
		{87F09D4E-C31E-4E6B-81CC-74536ABEAC3D}.Debug|Any CPU.ActiveCfg = Debug|Any CPU
		{87F09D4E-C31E-4E6B-81CC-74536ABEAC3D}.Debug|Any CPU.Build.0 = Debug|Any CPU
		{87F09D4E-C31E-4E6B-81CC-74536ABEAC3D}.Release|Any CPU.ActiveCfg = Release|Any CPU
		{87F09D4E-C31E-4E6B-81CC-74536ABEAC3D}.Release|Any CPU.Build.0 = Release|Any CPU
	EndGlobalSection
	GlobalSection(SolutionProperties) = preSolution
		HideSolutionNode = FALSE
	EndGlobalSection
	GlobalSection(ExtensibilityGlobals) = postSolution
		SolutionGuid = {874994F7-8FFE-4C4E-926C-55424E18F7E8}
	EndGlobalSection
EndGlobal
